
Microsoft Visual Studio Solution File, Format Version 12.00
# Visual Studio Version 17
VisualStudioVersion = 17.11.35208.52
MinimumVisualStudioVersion = 10.0.40219.1
Project("{FAE04EC0-301F-11D3-BF4B-00C04F79EFBC}") = "Generator Arty", "Generator Arty.csproj", "{B5A96438-8B72-49F0-9171-8977281D163C}"
EndProject
Project("{2150E333-8FDC-42A3-9474-1A3956D46DE8}") = "Elementy rozwiązania", "Elementy rozwiązania", "{6BA8231E-EC95-48E8-B732-B633B421A9AA}"
EndProject
Global
	GlobalSection(SolutionConfigurationPlatforms) = preSolution
		Debug|Any CPU = Debug|Any CPU
		Release|Any CPU = Release|Any CPU
	EndGlobalSection
	GlobalSection(ProjectConfigurationPlatforms) = postSolution
		{B5A96438-8B72-49F0-9171-8977281D163C}.Debug|Any CPU.ActiveCfg = Debug|Any CPU
		{B5A96438-8B72-49F0-9171-8977281D163C}.Debug|Any CPU.Build.0 = Debug|Any CPU
		{B5A96438-8B72-49F0-9171-8977281D163C}.Release|Any CPU.ActiveCfg = Release|Any CPU
		{B5A96438-8B72-49F0-9171-8977281D163C}.Release|Any CPU.Build.0 = Release|Any CPU
	EndGlobalSection
	GlobalSection(SolutionProperties) = preSolution
		HideSolutionNode = FALSE
	EndGlobalSection
	GlobalSection(ExtensibilityGlobals) = postSolution
		SolutionGuid = {96F860D9-A050-47F0-8878-5F40FF119147}
	EndGlobalSection
EndGlobal
